{
  "version": "4",
  "specifiers": {
    "jsr:@hono/hono@^4.6.20": "4.6.20",
    "npm:create-hono@*": "0.15.2"
  },
  "jsr": {
    "@hono/hono@4.6.20": {
      "integrity": "0db02d7b80db67a17e18b434c6105af002412cada5e908013086eb9fa9466a87"
    }
  },
  "npm": {
    "create-hono@0.15.2": {
      "integrity": "sha512-VazPyfQZKiVjj6/e0xHfrkgq8jK3Qf7KMZe0mh9radsLzUdhMACZpXYEAX58MPOoPuJ1BoodCI/ap6GbdqZBvg=="
    }
  },
  "workspace": {
    "members": {
      "backend": {
        "dependencies": [
          "jsr:@hono/hono@^4.6.20"
        ]
      }
    }
  }
}
